
Microsoft Visual Studio Solution File, Format Version 12.00
# Visual Studio Version 17
VisualStudioVersion = 17.8.34322.80
MinimumVisualStudioVersion = 10.0.40219.1
Project("{FAE04EC0-301F-11D3-BF4B-00C04F79EFBC}") = "ProDaTexUI.Server", "ProDaTexUI.Server\ProDaTexUI.Server.csproj", "{23A58550-CE21-453A-BE12-9ABAD8B76944}"
EndProject
Project("{54A90642-561A-4BB1-A94E-469ADEE60C69}") = "prodatexui.client", "prodatexui.client\prodatexui.client.esproj", "{45A21417-3215-4188-8A32-254D6E11A064}"
EndProject
Global
	GlobalSection(SolutionConfigurationPlatforms) = preSolution
		Debug|Any CPU = Debug|Any CPU
		Release|Any CPU = Release|Any CPU
	EndGlobalSection
	GlobalSection(ProjectConfigurationPlatforms) = postSolution
		{23A58550-CE21-453A-BE12-9ABAD8B76944}.Debug|Any CPU.ActiveCfg = Debug|Any CPU
		{23A58550-CE21-453A-BE12-9ABAD8B76944}.Debug|Any CPU.Build.0 = Debug|Any CPU
		{23A58550-CE21-453A-BE12-9ABAD8B76944}.Release|Any CPU.ActiveCfg = Release|Any CPU
		{23A58550-CE21-453A-BE12-9ABAD8B76944}.Release|Any CPU.Build.0 = Release|Any CPU
		{45A21417-3215-4188-8A32-254D6E11A064}.Debug|Any CPU.ActiveCfg = Debug|Any CPU
		{45A21417-3215-4188-8A32-254D6E11A064}.Debug|Any CPU.Build.0 = Debug|Any CPU
		{45A21417-3215-4188-8A32-254D6E11A064}.Debug|Any CPU.Deploy.0 = Debug|Any CPU
		{45A21417-3215-4188-8A32-254D6E11A064}.Release|Any CPU.ActiveCfg = Release|Any CPU
		{45A21417-3215-4188-8A32-254D6E11A064}.Release|Any CPU.Build.0 = Release|Any CPU
		{45A21417-3215-4188-8A32-254D6E11A064}.Release|Any CPU.Deploy.0 = Release|Any CPU
	EndGlobalSection
	GlobalSection(SolutionProperties) = preSolution
		HideSolutionNode = FALSE
	EndGlobalSection
	GlobalSection(ExtensibilityGlobals) = postSolution
		SolutionGuid = {56DB088C-26FE-47E0-8073-57A49EE70C7B}
	EndGlobalSection
EndGlobal
